{
  "name": "themes",
  "lockfileVersion": 3,
  "requires": true,
  "packages": {
    "": {
      "dependencies": {
        "@vivliostyle/theme-techbook": "^0.4.1"
      }
    },
    "node_modules/@vivliostyle/theme-techbook": {
      "version": "0.4.1",
      "resolved": "https://registry.npmjs.org/@vivliostyle/theme-techbook/-/theme-techbook-0.4.1.tgz",
      "integrity": "sha512-FfowWs6WGAxTZIkwLVojfx+QxJtvorBsLBQv3sB5mKN9L1U8PKYv2xV9VDlUdTpt2cFt2uNgKBnEdLoffpp7Ng=="
    }
  }
}
